// !$*UTF8*$!
{
	archiveVersion = 1;
	classes = {
	};
	objectVersion = 56;
	objects = {

/* Begin PBXBuildFile section */
		DA1E4346296F0508003BAA83 /* main.scn in Resources */ = {isa = PBXBuildFile; fileRef = DA1E4345296F0508003BAA83 /* main.scn */; };
		DA31CDDB2974278E006D6C67 /* -3-Info.plist in Resources */ = {isa = PBXBuildFile; fileRef = DA31CDDA2974278E006D6C67 /* -3-Info.plist */; };
		DA53B65B297DDAE60097D485 /* ViewController2.swift in Sources */ = {isa = PBXBuildFile; fileRef = DA53B65A297DDAE60097D485 /* ViewController2.swift */; };
		DA548EFA297954AC005BE35D /* AudioConverterHelper.swift in Sources */ = {isa = PBXBuildFile; fileRef = DA548EF9297954AC005BE35D /* AudioConverterHelper.swift */; };
		DA8B9C0E29671B11008F15FD /* biped_robot.usdz in Resources */ = {isa = PBXBuildFile; fileRef = DA8B9C0D29671B11008F15FD /* biped_robot.usdz */; };
		DA8FFAB428E32A430092D8EE /* AppDelegate.swift in Sources */ = {isa = PBXBuildFile; fileRef = DA8FFAB328E32A430092D8EE /* AppDelegate.swift */; };
		DA8FFAB628E32A430092D8EE /* ViewController.swift in Sources */ = {isa = PBXBuildFile; fileRef = DA8FFAB528E32A430092D8EE /* ViewController.swift */; };
		DA8FFABB28E32A430092D8EE /* Main.storyboard in Resources */ = {isa = PBXBuildFile; fileRef = DA8FFAB928E32A430092D8EE /* Main.storyboard */; };
		DA8FFABD28E32A460092D8EE /* Assets.xcassets in Resources */ = {isa = PBXBuildFile; fileRef = DA8FFABC28E32A460092D8EE /* Assets.xcassets */; };
		DA8FFAC028E32A460092D8EE /* LaunchScreen.storyboard in Resources */ = {isa = PBXBuildFile; fileRef = DA8FFABE28E32A460092D8EE /* LaunchScreen.storyboard */; };
		DA8FFACA28E32A460092D8EE /* _3Tests.swift in Sources */ = {isa = PBXBuildFile; fileRef = DA8FFAC928E32A460092D8EE /* _3Tests.swift */; };
		DA8FFAD428E32A460092D8EE /* _3UITests.swift in Sources */ = {isa = PBXBuildFile; fileRef = DA8FFAD328E32A460092D8EE /* _3UITests.swift */; };
		DA8FFAD628E32A460092D8EE /* _3UITestsLaunchTests.swift in Sources */ = {isa = PBXBuildFile; fileRef = DA8FFAD528E32A460092D8EE /* _3UITestsLaunchTests.swift */; };
		DAE5E32B2975C5D5007FA18B /* CustomStruct.swift in Sources */ = {isa = PBXBuildFile; fileRef = DAE5E32A2975C5D5007FA18B /* CustomStruct.swift */; };
/* End PBXBuildFile section */

/* Begin PBXContainerItemProxy section */
		DA8FFAC628E32A460092D8EE /* PBXContainerItemProxy */ = {
			isa = PBXContainerItemProxy;
			containerPortal = DA8FFAA828E32A420092D8EE /* Project object */;
			proxyType = 1;
			remoteGlobalIDString = DA8FFAAF28E32A420092D8EE;
			remoteInfo = 23;
		};
		DA8FFAD028E32A460092D8EE /* PBXContainerItemProxy */ = {
			isa = PBXContainerItemProxy;
			containerPortal = DA8FFAA828E32A420092D8EE /* Project object */;
			proxyType = 1;
			remoteGlobalIDString = DA8FFAAF28E32A420092D8EE;
			remoteInfo = 23;
		};
/* End PBXContainerItemProxy section */

/* Begin PBXFileReference section */
		DA1E4345296F0508003BAA83 /* main.scn */ = {isa = PBXFileReference; lastKnownFileType = file.bplist; name = main.scn; path = "../../../../Downloads/Pose-Playback-23e89aa8be11857d7d3f3a95dd661bf7c9685f07/Pose Playback/art.scnassets/main.scn"; sourceTree = "<group>"; };
		DA31CDD82974276F006D6C67 /* -3Tests-Info.plist */ = {isa = PBXFileReference; lastKnownFileType = text.plist; path = "-3Tests-Info.plist"; sourceTree = SOURCE_ROOT; };
		DA31CDD929742773006D6C67 /* -3UITests-Info.plist */ = {isa = PBXFileReference; lastKnownFileType = text.plist; path = "-3UITests-Info.plist"; sourceTree = SOURCE_ROOT; };
		DA31CDDA2974278E006D6C67 /* -3-Info.plist */ = {isa = PBXFileReference; lastKnownFileType = text.plist; path = "-3-Info.plist"; sourceTree = SOURCE_ROOT; };
		DA53B65A297DDAE60097D485 /* ViewController2.swift */ = {isa = PBXFileReference; lastKnownFileType = sourcecode.swift; path = ViewController2.swift; sourceTree = "<group>"; };
		DA548EF9297954AC005BE35D /* AudioConverterHelper.swift */ = {isa = PBXFileReference; fileEncoding = 4; lastKnownFileType = sourcecode.swift; path = AudioConverterHelper.swift; sourceTree = "<group>"; };
		DA8B9C0D29671B11008F15FD /* biped_robot.usdz */ = {isa = PBXFileReference; lastKnownFileType = file.usdz; name = biped_robot.usdz; path = "../../../../Downloads/Biped Robot-3/biped_robot.usdz"; sourceTree = "<group>"; };
		DA8FFAB028E32A430092D8EE /* 23.app */ = {isa = PBXFileReference; explicitFileType = wrapper.application; includeInIndex = 0; path = 23.app; sourceTree = BUILT_PRODUCTS_DIR; };
		DA8FFAB328E32A430092D8EE /* AppDelegate.swift */ = {isa = PBXFileReference; lastKnownFileType = sourcecode.swift; path = AppDelegate.swift; sourceTree = "<group>"; };
		DA8FFAB528E32A430092D8EE /* ViewController.swift */ = {isa = PBXFileReference; lastKnownFileType = sourcecode.swift; path = ViewController.swift; sourceTree = "<group>"; };
		DA8FFABA28E32A430092D8EE /* Base */ = {isa = PBXFileReference; lastKnownFileType = file.storyboard; name = Base; path = Base.lproj/Main.storyboard; sourceTree = "<group>"; };
		DA8FFABC28E32A460092D8EE /* Assets.xcassets */ = {isa = PBXFileReference; lastKnownFileType = folder.assetcatalog; path = Assets.xcassets; sourceTree = "<group>"; };
		DA8FFABF28E32A460092D8EE /* Base */ = {isa = PBXFileReference; lastKnownFileType = file.storyboard; name = Base; path = Base.lproj/LaunchScreen.storyboard; sourceTree = "<group>"; };
		DA8FFAC528E32A460092D8EE /* 23Tests.xctest */ = {isa = PBXFileReference; explicitFileType = wrapper.cfbundle; includeInIndex = 0; path = 23Tests.xctest; sourceTree = BUILT_PRODUCTS_DIR; };
		DA8FFAC928E32A460092D8EE /* _3Tests.swift */ = {isa = PBXFileReference; lastKnownFileType = sourcecode.swift; path = _3Tests.swift; sourceTree = "<group>"; };
		DA8FFACF28E32A460092D8EE /* 23UITests.xctest */ = {isa = PBXFileReference; explicitFileType = wrapper.cfbundle; includeInIndex = 0; path = 23UITests.xctest; sourceTree = BUILT_PRODUCTS_DIR; };
		DA8FFAD328E32A460092D8EE /* _3UITests.swift */ = {isa = PBXFileReference; lastKnownFileType = sourcecode.swift; path = _3UITests.swift; sourceTree = "<group>"; };
		DA8FFAD528E32A460092D8EE /* _3UITestsLaunchTests.swift */ = {isa = PBXFileReference; lastKnownFileType = sourcecode.swift; path = _3UITestsLaunchTests.swift; sourceTree = "<group>"; };
		DAE5E32A2975C5D5007FA18B /* CustomStruct.swift */ = {isa = PBXFileReference; lastKnownFileType = sourcecode.swift; path = CustomStruct.swift; sourceTree = "<group>"; };
/* End PBXFileReference section */

/* Begin PBXFrameworksBuildPhase section */
		DA8FFAAD28E32A420092D8EE /* Frameworks */ = {
			isa = PBXFrameworksBuildPhase;
			buildActionMask = 2147483647;
			files = (
			);
			runOnlyForDeploymentPostprocessing = 0;
		};
		DA8FFAC228E32A460092D8EE /* Frameworks */ = {
			isa = PBXFrameworksBuildPhase;
			buildActionMask = 2147483647;
			files = (
			);
			runOnlyForDeploymentPostprocessing = 0;
		};
		DA8FFACC28E32A460092D8EE /* Frameworks */ = {
			isa = PBXFrameworksBuildPhase;
			buildActionMask = 2147483647;
			files = (
			);
			runOnlyForDeploymentPostprocessing = 0;
		};
/* End PBXFrameworksBuildPhase section */

/* Begin PBXGroup section */
		DA8FFAA728E32A420092D8EE = {
			isa = PBXGroup;
			children = (
				DA31CDDA2974278E006D6C67 /* -3-Info.plist */,
				DA8FFAB228E32A430092D8EE /* 23 */,
				DA8FFAC828E32A460092D8EE /* 23Tests */,
				DA8FFAD228E32A460092D8EE /* 23UITests */,
				DA8FFAB128E32A430092D8EE /* Products */,
				DAEF2B5B296EC17500D15881 /* Frameworks */,
			);
			sourceTree = "<group>";
		};
		DA8FFAB128E32A430092D8EE /* Products */ = {
			isa = PBXGroup;
			children = (
				DA8FFAB028E32A430092D8EE /* 23.app */,
				DA8FFAC528E32A460092D8EE /* 23Tests.xctest */,
				DA8FFACF28E32A460092D8EE /* 23UITests.xctest */,
			);
			name = Products;
			sourceTree = "<group>";
		};
		DA8FFAB228E32A430092D8EE /* 23 */ = {
			isa = PBXGroup;
			children = (
				DA8B9C0D29671B11008F15FD /* biped_robot.usdz */,
				DA8FFAB328E32A430092D8EE /* AppDelegate.swift */,
				DA8FFAB528E32A430092D8EE /* ViewController.swift */,
				DA53B65A297DDAE60097D485 /* ViewController2.swift */,
				DAE5E32A2975C5D5007FA18B /* CustomStruct.swift */,
				DA548EF9297954AC005BE35D /* AudioConverterHelper.swift */,
				DA8FFAB928E32A430092D8EE /* Main.storyboard */,
				DA8FFABC28E32A460092D8EE /* Assets.xcassets */,
				DA8FFABE28E32A460092D8EE /* LaunchScreen.storyboard */,
				DA1E4345296F0508003BAA83 /* main.scn */,
			);
			path = 23;
			sourceTree = "<group>";
		};
		DA8FFAC828E32A460092D8EE /* 23Tests */ = {
			isa = PBXGroup;
			children = (
				DA31CDD82974276F006D6C67 /* -3Tests-Info.plist */,
				DA8FFAC928E32A460092D8EE /* _3Tests.swift */,
			);
			path = 23Tests;
			sourceTree = "<group>";
		};
		DA8FFAD228E32A460092D8EE /* 23UITests */ = {
			isa = PBXGroup;
			children = (
				DA31CDD929742773006D6C67 /* -3UITests-Info.plist */,
				DA8FFAD328E32A460092D8EE /* _3UITests.swift */,
				DA8FFAD528E32A460092D8EE /* _3UITestsLaunchTests.swift */,
			);
			path = 23UITests;
			sourceTree = "<group>";
		};
		DAEF2B5B296EC17500D15881 /* Frameworks */ = {
			isa = PBXGroup;
			children = (
			);
			name = Frameworks;
			sourceTree = "<group>";
		};
/* End PBXGroup section */

/* Begin PBXNativeTarget section */
		DA8FFAAF28E32A420092D8EE /* 23 */ = {
			isa = PBXNativeTarget;
			buildConfigurationList = DA8FFAD928E32A460092D8EE /* Build configuration list for PBXNativeTarget "23" */;
			buildPhases = (
				DA8FFAAC28E32A420092D8EE /* Sources */,
				DA8FFAAD28E32A420092D8EE /* Frameworks */,
				DA8FFAAE28E32A420092D8EE /* Resources */,
			);
			buildRules = (
			);
			dependencies = (
			);
			name = 23;
			productName = 23;
			productReference = DA8FFAB028E32A430092D8EE /* 23.app */;
			productType = "com.apple.product-type.application";
		};
		DA8FFAC428E32A460092D8EE /* 23Tests */ = {
			isa = PBXNativeTarget;
			buildConfigurationList = DA8FFADC28E32A460092D8EE /* Build configuration list for PBXNativeTarget "23Tests" */;
			buildPhases = (
				DA8FFAC128E32A460092D8EE /* Sources */,
				DA8FFAC228E32A460092D8EE /* Frameworks */,
				DA8FFAC328E32A460092D8EE /* Resources */,
			);
			buildRules = (
			);
			dependencies = (
				DA8FFAC728E32A460092D8EE /* PBXTargetDependency */,
			);
			name = 23Tests;
			productName = 23Tests;
			productReference = DA8FFAC528E32A460092D8EE /* 23Tests.xctest */;
			productType = "com.apple.product-type.bundle.unit-test";
		};
		DA8FFACE28E32A460092D8EE /* 23UITests */ = {
			isa = PBXNativeTarget;
			buildConfigurationList = DA8FFADF28E32A460092D8EE /* Build configuration list for PBXNativeTarget "23UITests" */;
			buildPhases = (
				DA8FFACB28E32A460092D8EE /* Sources */,
				DA8FFACC28E32A460092D8EE /* Frameworks */,
				DA8FFACD28E32A460092D8EE /* Resources */,
			);
			buildRules = (
			);
			dependencies = (
				DA8FFAD128E32A460092D8EE /* PBXTargetDependency */,
			);
			name = 23UITests;
			productName = 23UITests;
			productReference = DA8FFACF28E32A460092D8EE /* 23UITests.xctest */;
			productType = "com.apple.product-type.bundle.ui-testing";
		};
/* End PBXNativeTarget section */

/* Begin PBXProject section */
		DA8FFAA828E32A420092D8EE /* Project object */ = {
			isa = PBXProject;
			attributes = {
				BuildIndependentTargetsInParallel = 1;
				KnownAssetTags = (
					New,
				);
				LastSwiftUpdateCheck = 1400;
				LastUpgradeCheck = 1400;
				TargetAttributes = {
					DA8FFAAF28E32A420092D8EE = {
						CreatedOnToolsVersion = 14.0;
					};
					DA8FFAC428E32A460092D8EE = {
						CreatedOnToolsVersion = 14.0;
						TestTargetID = DA8FFAAF28E32A420092D8EE;
					};
					DA8FFACE28E32A460092D8EE = {
						CreatedOnToolsVersion = 14.0;
						TestTargetID = DA8FFAAF28E32A420092D8EE;
					};
				};
			};
			buildConfigurationList = DA8FFAAB28E32A420092D8EE /* Build configuration list for PBXProject "23" */;
			compatibilityVersion = "Xcode 14.0";
			developmentRegion = en;
			hasScannedForEncodings = 0;
			knownRegions = (
				en,
				Base,
			);
			mainGroup = DA8FFAA728E32A420092D8EE;
			productRefGroup = DA8FFAB128E32A430092D8EE /* Products */;
			projectDirPath = "";
			projectRoot = "";
			targets = (
				DA8FFAAF28E32A420092D8EE /* 23 */,
				DA8FFAC428E32A460092D8EE /* 23Tests */,
				DA8FFACE28E32A460092D8EE /* 23UITests */,
			);
		};
/* End PBXProject section */

/* Begin PBXResourcesBuildPhase section */
		DA8FFAAE28E32A420092D8EE /* Resources */ = {
			isa = PBXResourcesBuildPhase;
			buildActionMask = 2147483647;
			files = (
				DA1E4346296F0508003BAA83 /* main.scn in Resources */,
				DA8FFAC028E32A460092D8EE /* LaunchScreen.storyboard in Resources */,
				DA8B9C0E29671B11008F15FD /* biped_robot.usdz in Resources */,
				DA8FFABD28E32A460092D8EE /* Assets.xcassets in Resources */,
				DA8FFABB28E32A430092D8EE /* Main.storyboard in Resources */,
			);
			runOnlyForDeploymentPostprocessing = 0;
		};
		DA8FFAC328E32A460092D8EE /* Resources */ = {
			isa = PBXResourcesBuildPhase;
			buildActionMask = 2147483647;
			files = (
			);
			runOnlyForDeploymentPostprocessing = 0;
		};
		DA8FFACD28E32A460092D8EE /* Resources */ = {
			isa = PBXResourcesBuildPhase;
			buildActionMask = 2147483647;
			files = (
				DA31CDDB2974278E006D6C67 /* -3-Info.plist in Resources */,
			);
			runOnlyForDeploymentPostprocessing = 0;
		};
/* End PBXResourcesBuildPhase section */

/* Begin PBXSourcesBuildPhase section */
		DA8FFAAC28E32A420092D8EE /* Sources */ = {
			isa = PBXSourcesBuildPhase;
			buildActionMask = 2147483647;
			files = (
				DA53B65B297DDAE60097D485 /* ViewController2.swift in Sources */,
				DA8FFAB628E32A430092D8EE /* ViewController.swift in Sources */,
				DAE5E32B2975C5D5007FA18B /* CustomStruct.swift in Sources */,
				DA8FFAB428E32A430092D8EE /* AppDelegate.swift in Sources */,
				DA548EFA297954AC005BE35D /* AudioConverterHelper.swift in Sources */,
			);
			runOnlyForDeploymentPostprocessing = 0;
		};
		DA8FFAC128E32A460092D8EE /* Sources */ = {
			isa = PBXSourcesBuildPhase;
			buildActionMask = 2147483647;
			files = (
				DA8FFACA28E32A460092D8EE /* _3Tests.swift in Sources */,
			);
			runOnlyForDeploymentPostprocessing = 0;
		};
		DA8FFACB28E32A460092D8EE /* Sources */ = {
			isa = PBXSourcesBuildPhase;
			buildActionMask = 2147483647;
			files = (
				DA8FFAD628E32A460092D8EE /* _3UITestsLaunchTests.swift in Sources */,
				DA8FFAD428E32A460092D8EE /* _3UITests.swift in Sources */,
			);
			runOnlyForDeploymentPostprocessing = 0;
		};
/* End PBXSourcesBuildPhase section */

/* Begin PBXTargetDependency section */
		DA8FFAC728E32A460092D8EE /* PBXTargetDependency */ = {
			isa = PBXTargetDependency;
			target = DA8FFAAF28E32A420092D8EE /* 23 */;
			targetProxy = DA8FFAC628E32A460092D8EE /* PBXContainerItemProxy */;
		};
		DA8FFAD128E32A460092D8EE /* PBXTargetDependency */ = {
			isa = PBXTargetDependency;
			target = DA8FFAAF28E32A420092D8EE /* 23 */;
			targetProxy = DA8FFAD028E32A460092D8EE /* PBXContainerItemProxy */;
		};
/* End PBXTargetDependency section */

/* Begin PBXVariantGroup section */
		DA8FFAB928E32A430092D8EE /* Main.storyboard */ = {
			isa = PBXVariantGroup;
			children = (
				DA8FFABA28E32A430092D8EE /* Base */,
			);
			name = Main.storyboard;
			sourceTree = "<group>";
		};
		DA8FFABE28E32A460092D8EE /* LaunchScreen.storyboard */ = {
			isa = PBXVariantGroup;
			children = (
				DA8FFABF28E32A460092D8EE /* Base */,
			);
			name = LaunchScreen.storyboard;
			sourceTree = "<group>";
		};
/* End PBXVariantGroup section */

/* Begin XCBuildConfiguration section */
		DA8FFAD728E32A460092D8EE /* Debug */ = {
			isa = XCBuildConfiguration;
			buildSettings = {
				ALWAYS_SEARCH_USER_PATHS = NO;
				CLANG_ANALYZER_NONNULL = YES;
				CLANG_ANALYZER_NUMBER_OBJECT_CONVERSION = YES_AGGRESSIVE;
				CLANG_CXX_LANGUAGE_STANDARD = "gnu++20";
				CLANG_ENABLE_MODULES = YES;
				CLANG_ENABLE_OBJC_ARC = YES;
				CLANG_ENABLE_OBJC_WEAK = YES;
				CLANG_WARN_BLOCK_CAPTURE_AUTORELEASING = YES;
				CLANG_WARN_BOOL_CONVERSION = YES;
				CLANG_WARN_COMMA = YES;
				CLANG_WARN_CONSTANT_CONVERSION = YES;
				CLANG_WARN_DEPRECATED_OBJC_IMPLEMENTATIONS = YES;
				CLANG_WARN_DIRECT_OBJC_ISA_USAGE = YES_ERROR;
				CLANG_WARN_DOCUMENTATION_COMMENTS = YES;
				CLANG_WARN_EMPTY_BODY = YES;
				CLANG_WARN_ENUM_CONVERSION = YES;
				CLANG_WARN_INFINITE_RECURSION = YES;
				CLANG_WARN_INT_CONVERSION = YES;
				CLANG_WARN_NON_LITERAL_NULL_CONVERSION = YES;
				CLANG_WARN_OBJC_IMPLICIT_RETAIN_SELF = YES;
				CLANG_WARN_OBJC_LITERAL_CONVERSION = YES;
				CLANG_WARN_OBJC_ROOT_CLASS = YES_ERROR;
				CLANG_WARN_QUOTED_INCLUDE_IN_FRAMEWORK_HEADER = YES;
				CLANG_WARN_RANGE_LOOP_ANALYSIS = YES;
				CLANG_WARN_STRICT_PROTOTYPES = YES;
				CLANG_WARN_SUSPICIOUS_MOVE = YES;
				CLANG_WARN_UNGUARDED_AVAILABILITY = YES_AGGRESSIVE;
				CLANG_WARN_UNREACHABLE_CODE = YES;
				CLANG_WARN__DUPLICATE_METHOD_MATCH = YES;
				COPY_PHASE_STRIP = NO;
				DEBUG_INFORMATION_FORMAT = dwarf;
				ENABLE_STRICT_OBJC_MSGSEND = YES;
				ENABLE_TESTABILITY = YES;
				GCC_C_LANGUAGE_STANDARD = gnu11;
				GCC_DYNAMIC_NO_PIC = NO;
				GCC_NO_COMMON_BLOCKS = YES;
				GCC_OPTIMIZATION_LEVEL = 0;
				GCC_PREPROCESSOR_DEFINITIONS = (
					"DEBUG=1",
					"$(inherited)",
				);
				GCC_WARN_64_TO_32_BIT_CONVERSION = YES;
				GCC_WARN_ABOUT_RETURN_TYPE = YES_ERROR;
				GCC_WARN_UNDECLARED_SELECTOR = YES;
				GCC_WARN_UNINITIALIZED_AUTOS = YES_AGGRESSIVE;
				GCC_WARN_UNUSED_FUNCTION = YES;
				GCC_WARN_UNUSED_VARIABLE = YES;
				IPHONEOS_DEPLOYMENT_TARGET = 16.0;
				MTL_ENABLE_DEBUG_INFO = INCLUDE_SOURCE;
				MTL_FAST_MATH = YES;
				ONLY_ACTIVE_ARCH = YES;
				SDKROOT = iphoneos;
				SWIFT_ACTIVE_COMPILATION_CONDITIONS = DEBUG;
				SWIFT_OPTIMIZATION_LEVEL = "-Onone";
			};
			name = Debug;
		};
		DA8FFAD828E32A460092D8EE /* Release */ = {
			isa = XCBuildConfiguration;
			buildSettings = {
				ALWAYS_SEARCH_USER_PATHS = NO;
				CLANG_ANALYZER_NONNULL = YES;
				CLANG_ANALYZER_NUMBER_OBJECT_CONVERSION = YES_AGGRESSIVE;
				CLANG_CXX_LANGUAGE_STANDARD = "gnu++20";
				CLANG_ENABLE_MODULES = YES;
				CLANG_ENABLE_OBJC_ARC = YES;
				CLANG_ENABLE_OBJC_WEAK = YES;
				CLANG_WARN_BLOCK_CAPTURE_AUTORELEASING = YES;
				CLANG_WARN_BOOL_CONVERSION = YES;
				CLANG_WARN_COMMA = YES;
				CLANG_WARN_CONSTANT_CONVERSION = YES;
				CLANG_WARN_DEPRECATED_OBJC_IMPLEMENTATIONS = YES;
				CLANG_WARN_DIRECT_OBJC_ISA_USAGE = YES_ERROR;
				CLANG_WARN_DOCUMENTATION_COMMENTS = YES;
				CLANG_WARN_EMPTY_BODY = YES;
				CLANG_WARN_ENUM_CONVERSION = YES;
				CLANG_WARN_INFINITE_RECURSION = YES;
				CLANG_WARN_INT_CONVERSION = YES;
				CLANG_WARN_NON_LITERAL_NULL_CONVERSION = YES;
				CLANG_WARN_OBJC_IMPLICIT_RETAIN_SELF = YES;
				CLANG_WARN_OBJC_LITERAL_CONVERSION = YES;
				CLANG_WARN_OBJC_ROOT_CLASS = YES_ERROR;
				CLANG_WARN_QUOTED_INCLUDE_IN_FRAMEWORK_HEADER = YES;
				CLANG_WARN_RANGE_LOOP_ANALYSIS = YES;
				CLANG_WARN_STRICT_PROTOTYPES = YES;
				CLANG_WARN_SUSPICIOUS_MOVE = YES;
				CLANG_WARN_UNGUARDED_AVAILABILITY = YES_AGGRESSIVE;
				CLANG_WARN_UNREACHABLE_CODE = YES;
				CLANG_WARN__DUPLICATE_METHOD_MATCH = YES;
				COPY_PHASE_STRIP = NO;
				DEBUG_INFORMATION_FORMAT = "dwarf-with-dsym";
				ENABLE_NS_ASSERTIONS = NO;
				ENABLE_STRICT_OBJC_MSGSEND = YES;
				GCC_C_LANGUAGE_STANDARD = gnu11;
				GCC_NO_COMMON_BLOCKS = YES;
				GCC_WARN_64_TO_32_BIT_CONVERSION = YES;
				GCC_WARN_ABOUT_RETURN_TYPE = YES_ERROR;
				GCC_WARN_UNDECLARED_SELECTOR = YES;
				GCC_WARN_UNINITIALIZED_AUTOS = YES_AGGRESSIVE;
				GCC_WARN_UNUSED_FUNCTION = YES;
				GCC_WARN_UNUSED_VARIABLE = YES;
				IPHONEOS_DEPLOYMENT_TARGET = 16.0;
				MTL_ENABLE_DEBUG_INFO = NO;
				MTL_FAST_MATH = YES;
				SDKROOT = iphoneos;
				SWIFT_COMPILATION_MODE = wholemodule;
				SWIFT_OPTIMIZATION_LEVEL = "-O";
				VALIDATE_PRODUCT = YES;
			};
			name = Release;
		};
		DA8FFADA28E32A460092D8EE /* Debug */ = {
			isa = XCBuildConfiguration;
			buildSettings = {
				ASSETCATALOG_COMPILER_APPICON_NAME = AppIcon;
				ASSETCATALOG_COMPILER_GLOBAL_ACCENT_COLOR_NAME = AccentColor;
				CODE_SIGN_STYLE = Automatic;
				CURRENT_PROJECT_VERSION = 1;
				DEVELOPMENT_TEAM = 3S254J7252;
				GENERATE_INFOPLIST_FILE = YES;
				INFOPLIST_FILE = "-3-Info.plist";
				INFOPLIST_KEY_NSCameraUsageDescription = "";
				INFOPLIST_KEY_NSLocalNetworkUsageDescription = "";
				INFOPLIST_KEY_UIApplicationSupportsIndirectInputEvents = YES;
				INFOPLIST_KEY_UILaunchStoryboardName = LaunchScreen;
				INFOPLIST_KEY_UIMainStoryboardFile = Main;
				INFOPLIST_KEY_UIRequiredDeviceCapabilities = arkit;
				INFOPLIST_KEY_UIStatusBarHidden = YES;
				INFOPLIST_KEY_UISupportedInterfaceOrientations_iPad = "UIInterfaceOrientationPortrait UIInterfaceOrientationPortraitUpsideDown UIInterfaceOrientationLandscapeLeft UIInterfaceOrientationLandscapeRight";
				INFOPLIST_KEY_UISupportedInterfaceOrientations_iPhone = "UIInterfaceOrientationPortrait UIInterfaceOrientationLandscapeLeft UIInterfaceOrientationLandscapeRight";
				LD_RUNPATH_SEARCH_PATHS = (
					"$(inherited)",
					"@executable_path/Frameworks",
				);
				MARKETING_VERSION = 1.0;
				PRODUCT_BUNDLE_IDENTIFIER = "PaulCHARTIER.-3";
				PRODUCT_NAME = "$(TARGET_NAME)";
				SWIFT_EMIT_LOC_STRINGS = YES;
				SWIFT_VERSION = 5.0;
				TARGETED_DEVICE_FAMILY = "1,2";
			};
			name = Debug;
		};
		DA8FFADB28E32A460092D8EE /* Release */ = {
			isa = XCBuildConfiguration;
			buildSettings = {
				ASSETCATALOG_COMPILER_APPICON_NAME = AppIcon;
				ASSETCATALOG_COMPILER_GLOBAL_ACCENT_COLOR_NAME = AccentColor;
				CODE_SIGN_STYLE = Automatic;
				CURRENT_PROJECT_VERSION = 1;
				DEVELOPMENT_TEAM = 3S254J7252;
				GENERATE_INFOPLIST_FILE = YES;
				INFOPLIST_FILE = "-3-Info.plist";
				INFOPLIST_KEY_NSCameraUsageDescription = "";
				INFOPLIST_KEY_NSLocalNetworkUsageDescription = "";
				INFOPLIST_KEY_UIApplicationSupportsIndirectInputEvents = YES;
				INFOPLIST_KEY_UILaunchStoryboardName = LaunchScreen;
				INFOPLIST_KEY_UIMainStoryboardFile = Main;
				INFOPLIST_KEY_UIRequiredDeviceCapabilities = arkit;
				INFOPLIST_KEY_UIStatusBarHidden = YES;
				INFOPLIST_KEY_UISupportedInterfaceOrientations_iPad = "UIInterfaceOrientationPortrait UIInterfaceOrientationPortraitUpsideDown UIInterfaceOrientationLandscapeLeft UIInterfaceOrientationLandscapeRight";
				INFOPLIST_KEY_UISupportedInterfaceOrientations_iPhone = "UIInterfaceOrientationPortrait UIInterfaceOrientationLandscapeLeft UIInterfaceOrientationLandscapeRight";
				LD_RUNPATH_SEARCH_PATHS = (
					"$(inherited)",
					"@executable_path/Frameworks",
				);
				MARKETING_VERSION = 1.0;
				PRODUCT_BUNDLE_IDENTIFIER = "PaulCHARTIER.-3";
				PRODUCT_NAME = "$(TARGET_NAME)";
				SWIFT_EMIT_LOC_STRINGS = YES;
				SWIFT_VERSION = 5.0;
				TARGETED_DEVICE_FAMILY = "1,2";
			};
			name = Release;
		};
		DA8FFADD28E32A460092D8EE /* Debug */ = {
			isa = XCBuildConfiguration;
			buildSettings = {
				ALWAYS_EMBED_SWIFT_STANDARD_LIBRARIES = YES;
				BUNDLE_LOADER = "$(TEST_HOST)";
				CODE_SIGN_STYLE = Automatic;
				CURRENT_PROJECT_VERSION = 1;
				DEVELOPMENT_TEAM = 3S254J7252;
				GENERATE_INFOPLIST_FILE = YES;
				INFOPLIST_FILE = "-3Tests-Info.plist";
				INFOPLIST_KEY_NSLocalNetworkUsageDescription = "";
				IPHONEOS_DEPLOYMENT_TARGET = 16.0;
				MARKETING_VERSION = 1.0;
				PRODUCT_BUNDLE_IDENTIFIER = "PaulCHARTIER.-3Tests";
				PRODUCT_NAME = "$(TARGET_NAME)";
				SWIFT_EMIT_LOC_STRINGS = NO;
				SWIFT_VERSION = 5.0;
				TARGETED_DEVICE_FAMILY = "1,2";
				TEST_HOST = "$(BUILT_PRODUCTS_DIR)/23.app/$(BUNDLE_EXECUTABLE_FOLDER_PATH)/23";
			};
			name = Debug;
		};
		DA8FFADE28E32A460092D8EE /* Release */ = {
			isa = XCBuildConfiguration;
			buildSettings = {
				ALWAYS_EMBED_SWIFT_STANDARD_LIBRARIES = YES;
				BUNDLE_LOADER = "$(TEST_HOST)";
				CODE_SIGN_STYLE = Automatic;
				CURRENT_PROJECT_VERSION = 1;
				DEVELOPMENT_TEAM = 3S254J7252;
				GENERATE_INFOPLIST_FILE = YES;
				INFOPLIST_FILE = "-3Tests-Info.plist";
				INFOPLIST_KEY_NSLocalNetworkUsageDescription = "";
				IPHONEOS_DEPLOYMENT_TARGET = 16.0;
				MARKETING_VERSION = 1.0;
				PRODUCT_BUNDLE_IDENTIFIER = "PaulCHARTIER.-3Tests";
				PRODUCT_NAME = "$(TARGET_NAME)";
				SWIFT_EMIT_LOC_STRINGS = NO;
				SWIFT_VERSION = 5.0;
				TARGETED_DEVICE_FAMILY = "1,2";
				TEST_HOST = "$(BUILT_PRODUCTS_DIR)/23.app/$(BUNDLE_EXECUTABLE_FOLDER_PATH)/23";
			};
			name = Release;
		};
		DA8FFAE028E32A460092D8EE /* Debug */ = {
			isa = XCBuildConfiguration;
			buildSettings = {
				ALWAYS_EMBED_SWIFT_STANDARD_LIBRARIES = YES;
				CODE_SIGN_STYLE = Automatic;
				CURRENT_PROJECT_VERSION = 1;
				DEVELOPMENT_TEAM = 3S254J7252;
				GENERATE_INFOPLIST_FILE = YES;
				INFOPLIST_FILE = "-3UITests-Info.plist";
				INFOPLIST_KEY_NSLocalNetworkUsageDescription = "";
				MARKETING_VERSION = 1.0;
				PRODUCT_BUNDLE_IDENTIFIER = "PaulCHARTIER.-3UITests";
				PRODUCT_NAME = "$(TARGET_NAME)";
				SWIFT_EMIT_LOC_STRINGS = NO;
				SWIFT_VERSION = 5.0;
				TARGETED_DEVICE_FAMILY = "1,2";
				TEST_TARGET_NAME = 23;
			};
			name = Debug;
		};
		DA8FFAE128E32A460092D8EE /* Release */ = {
			isa = XCBuildConfiguration;
			buildSettings = {
				ALWAYS_EMBED_SWIFT_STANDARD_LIBRARIES = YES;
				CODE_SIGN_STYLE = Automatic;
				CURRENT_PROJECT_VERSION = 1;
				DEVELOPMENT_TEAM = 3S254J7252;
				GENERATE_INFOPLIST_FILE = YES;
				INFOPLIST_FILE = "-3UITests-Info.plist";
				INFOPLIST_KEY_NSLocalNetworkUsageDescription = "";
				MARKETING_VERSION = 1.0;
				PRODUCT_BUNDLE_IDENTIFIER = "PaulCHARTIER.-3UITests";
				PRODUCT_NAME = "$(TARGET_NAME)";
				SWIFT_EMIT_LOC_STRINGS = NO;
				SWIFT_VERSION = 5.0;
				TARGETED_DEVICE_FAMILY = "1,2";
				TEST_TARGET_NAME = 23;
			};
			name = Release;
		};
/* End XCBuildConfiguration section */

/* Begin XCConfigurationList section */
		DA8FFAAB28E32A420092D8EE /* Build configuration list for PBXProject "23" */ = {
			isa = XCConfigurationList;
			buildConfigurations = (
				DA8FFAD728E32A460092D8EE /* Debug */,
				DA8FFAD828E32A460092D8EE /* Release */,
			);
			defaultConfigurationIsVisible = 0;
			defaultConfigurationName = Release;
		};
		DA8FFAD928E32A460092D8EE /* Build configuration list for PBXNativeTarget "23" */ = {
			isa = XCConfigurationList;
			buildConfigurations = (
				DA8FFADA28E32A460092D8EE /* Debug */,
				DA8FFADB28E32A460092D8EE /* Release */,
			);
			defaultConfigurationIsVisible = 0;
			defaultConfigurationName = Release;
		};
		DA8FFADC28E32A460092D8EE /* Build configuration list for PBXNativeTarget "23Tests" */ = {
			isa = XCConfigurationList;
			buildConfigurations = (
				DA8FFADD28E32A460092D8EE /* Debug */,
				DA8FFADE28E32A460092D8EE /* Release */,
			);
			defaultConfigurationIsVisible = 0;
			defaultConfigurationName = Release;
		};
		DA8FFADF28E32A460092D8EE /* Build configuration list for PBXNativeTarget "23UITests" */ = {
			isa = XCConfigurationList;
			buildConfigurations = (
				DA8FFAE028E32A460092D8EE /* Debug */,
				DA8FFAE128E32A460092D8EE /* Release */,
			);
			defaultConfigurationIsVisible = 0;
			defaultConfigurationName = Release;
		};
/* End XCConfigurationList section */
	};
	rootObject = DA8FFAA828E32A420092D8EE /* Project object */;
}
